
Microsoft Visual Studio Solution File, Format Version 12.00
# Visual Studio Version 16
VisualStudioVersion = 16.0.31321.278
MinimumVisualStudioVersion = 10.0.40219.1
Project("{FAE04EC0-301F-11D3-BF4B-00C04F79EFBC}") = "AppXamarin.Android", "AppXamarin.Android\AppXamarin.Android.csproj", "{4B800F8F-FC70-4DB8-A0CC-F24911FE98B9}"
EndProject
Project("{FAE04EC0-301F-11D3-BF4B-00C04F79EFBC}") = "AppXamarin.iOS", "AppXamarin.iOS\AppXamarin.iOS.csproj", "{3CC8009D-ECD4-4105-A87D-A0DD059D1A84}"
EndProject
Project("{FAE04EC0-301F-11D3-BF4B-00C04F79EFBC}") = "AppXamarin", "AppXamarin\AppXamarin.csproj", "{ED195DB6-221E-410C-8918-F327C3A37F33}"
EndProject
Global
	GlobalSection(SolutionConfigurationPlatforms) = preSolution
		Debug|Any CPU = Debug|Any CPU
		Debug|iPhone = Debug|iPhone
		Debug|iPhoneSimulator = Debug|iPhoneSimulator
		Release|Any CPU = Release|Any CPU
		Release|iPhone = Release|iPhone
		Release|iPhoneSimulator = Release|iPhoneSimulator
	EndGlobalSection
	GlobalSection(ProjectConfigurationPlatforms) = postSolution
		{4B800F8F-FC70-4DB8-A0CC-F24911FE98B9}.Debug|Any CPU.ActiveCfg = Debug|Any CPU
		{4B800F8F-FC70-4DB8-A0CC-F24911FE98B9}.Debug|Any CPU.Build.0 = Debug|Any CPU
		{4B800F8F-FC70-4DB8-A0CC-F24911FE98B9}.Debug|Any CPU.Deploy.0 = Debug|Any CPU
		{4B800F8F-FC70-4DB8-A0CC-F24911FE98B9}.Debug|iPhone.ActiveCfg = Debug|Any CPU
		{4B800F8F-FC70-4DB8-A0CC-F24911FE98B9}.Debug|iPhone.Build.0 = Debug|Any CPU
		{4B800F8F-FC70-4DB8-A0CC-F24911FE98B9}.Debug|iPhone.Deploy.0 = Debug|Any CPU
		{4B800F8F-FC70-4DB8-A0CC-F24911FE98B9}.Debug|iPhoneSimulator.ActiveCfg = Debug|Any CPU
		{4B800F8F-FC70-4DB8-A0CC-F24911FE98B9}.Debug|iPhoneSimulator.Build.0 = Debug|Any CPU
		{4B800F8F-FC70-4DB8-A0CC-F24911FE98B9}.Debug|iPhoneSimulator.Deploy.0 = Debug|Any CPU
		{4B800F8F-FC70-4DB8-A0CC-F24911FE98B9}.Release|Any CPU.ActiveCfg = Release|Any CPU
		{4B800F8F-FC70-4DB8-A0CC-F24911FE98B9}.Release|Any CPU.Build.0 = Release|Any CPU
		{4B800F8F-FC70-4DB8-A0CC-F24911FE98B9}.Release|Any CPU.Deploy.0 = Release|Any CPU
		{4B800F8F-FC70-4DB8-A0CC-F24911FE98B9}.Release|iPhone.ActiveCfg = Release|Any CPU
		{4B800F8F-FC70-4DB8-A0CC-F24911FE98B9}.Release|iPhone.Build.0 = Release|Any CPU
		{4B800F8F-FC70-4DB8-A0CC-F24911FE98B9}.Release|iPhone.Deploy.0 = Release|Any CPU
		{4B800F8F-FC70-4DB8-A0CC-F24911FE98B9}.Release|iPhoneSimulator.ActiveCfg = Release|Any CPU
		{4B800F8F-FC70-4DB8-A0CC-F24911FE98B9}.Release|iPhoneSimulator.Build.0 = Release|Any CPU
		{4B800F8F-FC70-4DB8-A0CC-F24911FE98B9}.Release|iPhoneSimulator.Deploy.0 = Release|Any CPU
		{3CC8009D-ECD4-4105-A87D-A0DD059D1A84}.Debug|Any CPU.ActiveCfg = Debug|iPhone
		{3CC8009D-ECD4-4105-A87D-A0DD059D1A84}.Debug|Any CPU.Build.0 = Debug|iPhone
		{3CC8009D-ECD4-4105-A87D-A0DD059D1A84}.Debug|Any CPU.Deploy.0 = Debug|iPhone
		{3CC8009D-ECD4-4105-A87D-A0DD059D1A84}.Debug|iPhone.ActiveCfg = Debug|iPhone
		{3CC8009D-ECD4-4105-A87D-A0DD059D1A84}.Debug|iPhone.Build.0 = Debug|iPhone
		{3CC8009D-ECD4-4105-A87D-A0DD059D1A84}.Debug|iPhone.Deploy.0 = Debug|iPhone
		{3CC8009D-ECD4-4105-A87D-A0DD059D1A84}.Debug|iPhoneSimulator.ActiveCfg = Debug|iPhoneSimulator
		{3CC8009D-ECD4-4105-A87D-A0DD059D1A84}.Debug|iPhoneSimulator.Build.0 = Debug|iPhoneSimulator
		{3CC8009D-ECD4-4105-A87D-A0DD059D1A84}.Debug|iPhoneSimulator.Deploy.0 = Debug|iPhoneSimulator
		{3CC8009D-ECD4-4105-A87D-A0DD059D1A84}.Release|Any CPU.ActiveCfg = Release|iPhoneSimulator
		{3CC8009D-ECD4-4105-A87D-A0DD059D1A84}.Release|Any CPU.Build.0 = Release|iPhoneSimulator
		{3CC8009D-ECD4-4105-A87D-A0DD059D1A84}.Release|Any CPU.Deploy.0 = Release|iPhoneSimulator
		{3CC8009D-ECD4-4105-A87D-A0DD059D1A84}.Release|iPhone.ActiveCfg = Release|iPhone
		{3CC8009D-ECD4-4105-A87D-A0DD059D1A84}.Release|iPhone.Build.0 = Release|iPhone
		{3CC8009D-ECD4-4105-A87D-A0DD059D1A84}.Release|iPhone.Deploy.0 = Release|iPhone
		{3CC8009D-ECD4-4105-A87D-A0DD059D1A84}.Release|iPhoneSimulator.ActiveCfg = Release|iPhoneSimulator
		{3CC8009D-ECD4-4105-A87D-A0DD059D1A84}.Release|iPhoneSimulator.Build.0 = Release|iPhoneSimulator
		{3CC8009D-ECD4-4105-A87D-A0DD059D1A84}.Release|iPhoneSimulator.Deploy.0 = Release|iPhoneSimulator
		{ED195DB6-221E-410C-8918-F327C3A37F33}.Debug|Any CPU.ActiveCfg = Debug|Any CPU
		{ED195DB6-221E-410C-8918-F327C3A37F33}.Debug|Any CPU.Build.0 = Debug|Any CPU
		{ED195DB6-221E-410C-8918-F327C3A37F33}.Debug|Any CPU.Deploy.0 = Debug|Any CPU
		{ED195DB6-221E-410C-8918-F327C3A37F33}.Debug|iPhone.ActiveCfg = Debug|Any CPU
		{ED195DB6-221E-410C-8918-F327C3A37F33}.Debug|iPhone.Build.0 = Debug|Any CPU
		{ED195DB6-221E-410C-8918-F327C3A37F33}.Debug|iPhone.Deploy.0 = Debug|Any CPU
		{ED195DB6-221E-410C-8918-F327C3A37F33}.Debug|iPhoneSimulator.ActiveCfg = Debug|Any CPU
		{ED195DB6-221E-410C-8918-F327C3A37F33}.Debug|iPhoneSimulator.Build.0 = Debug|Any CPU
		{ED195DB6-221E-410C-8918-F327C3A37F33}.Debug|iPhoneSimulator.Deploy.0 = Debug|Any CPU
		{ED195DB6-221E-410C-8918-F327C3A37F33}.Release|Any CPU.ActiveCfg = Release|Any CPU
		{ED195DB6-221E-410C-8918-F327C3A37F33}.Release|Any CPU.Build.0 = Release|Any CPU
		{ED195DB6-221E-410C-8918-F327C3A37F33}.Release|Any CPU.Deploy.0 = Release|Any CPU
		{ED195DB6-221E-410C-8918-F327C3A37F33}.Release|iPhone.ActiveCfg = Release|Any CPU
		{ED195DB6-221E-410C-8918-F327C3A37F33}.Release|iPhone.Build.0 = Release|Any CPU
		{ED195DB6-221E-410C-8918-F327C3A37F33}.Release|iPhone.Deploy.0 = Release|Any CPU
		{ED195DB6-221E-410C-8918-F327C3A37F33}.Release|iPhoneSimulator.ActiveCfg = Release|Any CPU
		{ED195DB6-221E-410C-8918-F327C3A37F33}.Release|iPhoneSimulator.Build.0 = Release|Any CPU
		{ED195DB6-221E-410C-8918-F327C3A37F33}.Release|iPhoneSimulator.Deploy.0 = Release|Any CPU
	EndGlobalSection
	GlobalSection(SolutionProperties) = preSolution
		HideSolutionNode = FALSE
	EndGlobalSection
	GlobalSection(ExtensibilityGlobals) = postSolution
		SolutionGuid = {F774C50D-895B-4534-BD8E-AEEF4F7E5E72}
	EndGlobalSection
EndGlobal
